// !$*UTF8*$!
{
	archiveVersion = 1;
	classes = {
	};
	objectVersion = 51;
	objects = {

/* Begin PBXBuildFile section */
		A531CDBB238025D3009ED2CE /* MenuItemCell.swift in Sources */ = {isa = PBXBuildFile; fileRef = A531CDBA238025D3009ED2CE /* MenuItemCell.swift */; };
		A55B3DF3237F2FEE00ED3850 /* R.generated.swift in Sources */ = {isa = PBXBuildFile; fileRef = A55B3DF2237F2FEE00ED3850 /* R.generated.swift */; };
		A55B3DF5237FE02600ED3850 /* NetworkService.swift in Sources */ = {isa = PBXBuildFile; fileRef = A55B3DF4237FE02600ED3850 /* NetworkService.swift */; };
		A55B3DF8237FE03700ED3850 /* App.swift in Sources */ = {isa = PBXBuildFile; fileRef = A55B3DF7237FE03700ED3850 /* App.swift */; };
		A57D0591237F20C200158DDD /* AppDelegate.swift in Sources */ = {isa = PBXBuildFile; fileRef = A57D0590237F20C200158DDD /* AppDelegate.swift */; };
		A57D0593237F20C200158DDD /* SceneDelegate.swift in Sources */ = {isa = PBXBuildFile; fileRef = A57D0592237F20C200158DDD /* SceneDelegate.swift */; };
		A57D0595237F20C200158DDD /* BarcodeController.swift in Sources */ = {isa = PBXBuildFile; fileRef = A57D0594237F20C200158DDD /* BarcodeController.swift */; };
		A57D0597237F20C200158DDD /* ProfileViewController.swift in Sources */ = {isa = PBXBuildFile; fileRef = A57D0596237F20C200158DDD /* ProfileViewController.swift */; };
		A57D059A237F20C200158DDD /* Main.storyboard in Resources */ = {isa = PBXBuildFile; fileRef = A57D0598237F20C200158DDD /* Main.storyboard */; };
		A57D059C237F20C400158DDD /* Assets.xcassets in Resources */ = {isa = PBXBuildFile; fileRef = A57D059B237F20C400158DDD /* Assets.xcassets */; };
		A57D059F237F20C400158DDD /* LaunchScreen.storyboard in Resources */ = {isa = PBXBuildFile; fileRef = A57D059D237F20C400158DDD /* LaunchScreen.storyboard */; };
		A59920DD237FE348007E700F /* InfoController.swift in Sources */ = {isa = PBXBuildFile; fileRef = A59920DC237FE348007E700F /* InfoController.swift */; };
		A59920DF237FECFC007E700F /* LocationService.swift in Sources */ = {isa = PBXBuildFile; fileRef = A59920DE237FECFC007E700F /* LocationService.swift */; };
		A59920E1237FF319007E700F /* ProductStore.swift in Sources */ = {isa = PBXBuildFile; fileRef = A59920E0237FF319007E700F /* ProductStore.swift */; };
		AD76E4A36D3A047C1F1F87EF /* Pods_TooHealthy.framework in Frameworks */ = {isa = PBXBuildFile; fileRef = 7FFDEE28681F592A991C1771 /* Pods_TooHealthy.framework */; };
/* End PBXBuildFile section */

/* Begin PBXFileReference section */
		7FFDEE28681F592A991C1771 /* Pods_TooHealthy.framework */ = {isa = PBXFileReference; explicitFileType = wrapper.framework; includeInIndex = 0; path = Pods_TooHealthy.framework; sourceTree = BUILT_PRODUCTS_DIR; };
		801BEF59E234975443213214 /* Pods-TooHealthy.debug.xcconfig */ = {isa = PBXFileReference; includeInIndex = 1; lastKnownFileType = text.xcconfig; name = "Pods-TooHealthy.debug.xcconfig"; path = "Target Support Files/Pods-TooHealthy/Pods-TooHealthy.debug.xcconfig"; sourceTree = "<group>"; };
		A531CDBA238025D3009ED2CE /* MenuItemCell.swift */ = {isa = PBXFileReference; lastKnownFileType = sourcecode.swift; path = MenuItemCell.swift; sourceTree = "<group>"; };
		A55B3DF2237F2FEE00ED3850 /* R.generated.swift */ = {isa = PBXFileReference; fileEncoding = 4; lastKnownFileType = sourcecode.swift; path = R.generated.swift; sourceTree = SOURCE_ROOT; };
		A55B3DF4237FE02600ED3850 /* NetworkService.swift */ = {isa = PBXFileReference; lastKnownFileType = sourcecode.swift; path = NetworkService.swift; sourceTree = "<group>"; };
		A55B3DF7237FE03700ED3850 /* App.swift */ = {isa = PBXFileReference; lastKnownFileType = sourcecode.swift; path = App.swift; sourceTree = "<group>"; };
		A57D058D237F20C200158DDD /* TooHealthy.app */ = {isa = PBXFileReference; explicitFileType = wrapper.application; includeInIndex = 0; path = TooHealthy.app; sourceTree = BUILT_PRODUCTS_DIR; };
		A57D0590237F20C200158DDD /* AppDelegate.swift */ = {isa = PBXFileReference; lastKnownFileType = sourcecode.swift; path = AppDelegate.swift; sourceTree = "<group>"; };
		A57D0592237F20C200158DDD /* SceneDelegate.swift */ = {isa = PBXFileReference; lastKnownFileType = sourcecode.swift; path = SceneDelegate.swift; sourceTree = "<group>"; };
		A57D0594237F20C200158DDD /* BarcodeController.swift */ = {isa = PBXFileReference; lastKnownFileType = sourcecode.swift; path = BarcodeController.swift; sourceTree = "<group>"; };
		A57D0596237F20C200158DDD /* ProfileViewController.swift */ = {isa = PBXFileReference; lastKnownFileType = sourcecode.swift; path = ProfileViewController.swift; sourceTree = "<group>"; };
		A57D0599237F20C200158DDD /* Base */ = {isa = PBXFileReference; lastKnownFileType = file.storyboard; name = Base; path = Base.lproj/Main.storyboard; sourceTree = "<group>"; };
		A57D059B237F20C400158DDD /* Assets.xcassets */ = {isa = PBXFileReference; lastKnownFileType = folder.assetcatalog; path = Assets.xcassets; sourceTree = "<group>"; };
		A57D059E237F20C400158DDD /* Base */ = {isa = PBXFileReference; lastKnownFileType = file.storyboard; name = Base; path = Base.lproj/LaunchScreen.storyboard; sourceTree = "<group>"; };
		A57D05A0237F20C400158DDD /* Info.plist */ = {isa = PBXFileReference; lastKnownFileType = text.plist.xml; path = Info.plist; sourceTree = "<group>"; };
		A59920DC237FE348007E700F /* InfoController.swift */ = {isa = PBXFileReference; lastKnownFileType = sourcecode.swift; path = InfoController.swift; sourceTree = "<group>"; };
		A59920DE237FECFC007E700F /* LocationService.swift */ = {isa = PBXFileReference; lastKnownFileType = sourcecode.swift; path = LocationService.swift; sourceTree = "<group>"; };
		A59920E0237FF319007E700F /* ProductStore.swift */ = {isa = PBXFileReference; lastKnownFileType = sourcecode.swift; path = ProductStore.swift; sourceTree = "<group>"; };
		F9A86DAE477587CA6C28541F /* Pods-TooHealthy.release.xcconfig */ = {isa = PBXFileReference; includeInIndex = 1; lastKnownFileType = text.xcconfig; name = "Pods-TooHealthy.release.xcconfig"; path = "Target Support Files/Pods-TooHealthy/Pods-TooHealthy.release.xcconfig"; sourceTree = "<group>"; };
/* End PBXFileReference section */

/* Begin PBXFrameworksBuildPhase section */
		A57D058A237F20C200158DDD /* Frameworks */ = {
			isa = PBXFrameworksBuildPhase;
			buildActionMask = 2147483647;
			files = (
				AD76E4A36D3A047C1F1F87EF /* Pods_TooHealthy.framework in Frameworks */,
			);
			runOnlyForDeploymentPostprocessing = 0;
		};
/* End PBXFrameworksBuildPhase section */

/* Begin PBXGroup section */
		07C140A6EF118859DCA6C350 /* Frameworks */ = {
			isa = PBXGroup;
			children = (
				7FFDEE28681F592A991C1771 /* Pods_TooHealthy.framework */,
			);
			name = Frameworks;
			sourceTree = "<group>";
		};
		A55B3DF6237FE02C00ED3850 /* Services */ = {
			isa = PBXGroup;
			children = (
				A55B3DF4237FE02600ED3850 /* NetworkService.swift */,
				A59920DE237FECFC007E700F /* LocationService.swift */,
			);
			path = Services;
			sourceTree = "<group>";
		};
		A57D0584237F20C200158DDD = {
			isa = PBXGroup;
			children = (
				A57D058F237F20C200158DDD /* TooHealthy */,
				A57D058E237F20C200158DDD /* Products */,
				CB852DEC2D4086CB588D8682 /* Pods */,
				07C140A6EF118859DCA6C350 /* Frameworks */,
			);
			sourceTree = "<group>";
		};
		A57D058E237F20C200158DDD /* Products */ = {
			isa = PBXGroup;
			children = (
				A57D058D237F20C200158DDD /* TooHealthy.app */,
			);
			name = Products;
			sourceTree = "<group>";
		};
		A57D058F237F20C200158DDD /* TooHealthy */ = {
			isa = PBXGroup;
			children = (
				A57D05A7237F2CFF00158DDD /* App */,
				A59920E2237FF384007E700F /* Models */,
				A55B3DF6237FE02C00ED3850 /* Services */,
				A57D05A6237F2CF300158DDD /* Screens */,
				A57D05A9237F2D1E00158DDD /* UI */,
				A57D05A8237F2D1300158DDD /* Resources */,
			);
			path = TooHealthy;
			sourceTree = "<group>";
		};
		A57D05A6237F2CF300158DDD /* Screens */ = {
			isa = PBXGroup;
			children = (
				A57D0594237F20C200158DDD /* BarcodeController.swift */,
				A59920DC237FE348007E700F /* InfoController.swift */,
				A531CDBA238025D3009ED2CE /* MenuItemCell.swift */,
				A57D0596237F20C200158DDD /* ProfileViewController.swift */,
			);
			path = Screens;
			sourceTree = "<group>";
		};
		A57D05A7237F2CFF00158DDD /* App */ = {
			isa = PBXGroup;
			children = (
				A55B3DF7237FE03700ED3850 /* App.swift */,
				A57D0590237F20C200158DDD /* AppDelegate.swift */,
				A57D0592237F20C200158DDD /* SceneDelegate.swift */,
			);
			path = App;
			sourceTree = "<group>";
		};
		A57D05A8237F2D1300158DDD /* Resources */ = {
			isa = PBXGroup;
			children = (
				A55B3DF2237F2FEE00ED3850 /* R.generated.swift */,
				A57D059B237F20C400158DDD /* Assets.xcassets */,
				A57D05A0237F20C400158DDD /* Info.plist */,
			);
			path = Resources;
			sourceTree = "<group>";
		};
		A57D05A9237F2D1E00158DDD /* UI */ = {
			isa = PBXGroup;
			children = (
				A57D0598237F20C200158DDD /* Main.storyboard */,
				A57D059D237F20C400158DDD /* LaunchScreen.storyboard */,
			);
			path = UI;
			sourceTree = "<group>";
		};
		A59920E2237FF384007E700F /* Models */ = {
			isa = PBXGroup;
			children = (
				A59920E0237FF319007E700F /* ProductStore.swift */,
			);
			path = Models;
			sourceTree = "<group>";
		};
		CB852DEC2D4086CB588D8682 /* Pods */ = {
			isa = PBXGroup;
			children = (
				801BEF59E234975443213214 /* Pods-TooHealthy.debug.xcconfig */,
				F9A86DAE477587CA6C28541F /* Pods-TooHealthy.release.xcconfig */,
			);
			path = Pods;
			sourceTree = "<group>";
		};
/* End PBXGroup section */

/* Begin PBXNativeTarget section */
		A57D058C237F20C200158DDD /* TooHealthy */ = {
			isa = PBXNativeTarget;
			buildConfigurationList = A57D05A3237F20C400158DDD /* Build configuration list for PBXNativeTarget "TooHealthy" */;
			buildPhases = (
				2EA4D0961379F08C2A166808 /* [CP] Check Pods Manifest.lock */,
				A55B3DF1237F2F4900ED3850 /* R.swift */,
				A57D0589237F20C200158DDD /* Sources */,
				A57D058A237F20C200158DDD /* Frameworks */,
				A57D058B237F20C200158DDD /* Resources */,
				924F701116C085E6C508C746 /* [CP] Embed Pods Frameworks */,
			);
			buildRules = (
			);
			dependencies = (
			);
			name = TooHealthy;
			productName = TooHealthy;
			productReference = A57D058D237F20C200158DDD /* TooHealthy.app */;
			productType = "com.apple.product-type.application";
		};
/* End PBXNativeTarget section */

/* Begin PBXProject section */
		A57D0585237F20C200158DDD /* Project object */ = {
			isa = PBXProject;
			attributes = {
				LastSwiftUpdateCheck = 1120;
				LastUpgradeCheck = 1120;
				ORGANIZATIONNAME = "Artem Belkov";
				TargetAttributes = {
					A57D058C237F20C200158DDD = {
						CreatedOnToolsVersion = 11.2.1;
					};
				};
			};
			buildConfigurationList = A57D0588237F20C200158DDD /* Build configuration list for PBXProject "TooHealthy" */;
			compatibilityVersion = "Xcode 9.3";
			developmentRegion = en;
			hasScannedForEncodings = 0;
			knownRegions = (
				en,
				Base,
			);
			mainGroup = A57D0584237F20C200158DDD;
			productRefGroup = A57D058E237F20C200158DDD /* Products */;
			projectDirPath = "";
			projectRoot = "";
			targets = (
				A57D058C237F20C200158DDD /* TooHealthy */,
			);
		};
/* End PBXProject section */

/* Begin PBXResourcesBuildPhase section */
		A57D058B237F20C200158DDD /* Resources */ = {
			isa = PBXResourcesBuildPhase;
			buildActionMask = 2147483647;
			files = (
				A57D059F237F20C400158DDD /* LaunchScreen.storyboard in Resources */,
				A57D059C237F20C400158DDD /* Assets.xcassets in Resources */,
				A57D059A237F20C200158DDD /* Main.storyboard in Resources */,
			);
			runOnlyForDeploymentPostprocessing = 0;
		};
/* End PBXResourcesBuildPhase section */

/* Begin PBXShellScriptBuildPhase section */
		2EA4D0961379F08C2A166808 /* [CP] Check Pods Manifest.lock */ = {
			isa = PBXShellScriptBuildPhase;
			buildActionMask = 2147483647;
			files = (
			);
			inputFileListPaths = (
			);
			inputPaths = (
				"${PODS_PODFILE_DIR_PATH}/Podfile.lock",
				"${PODS_ROOT}/Manifest.lock",
			);
			name = "[CP] Check Pods Manifest.lock";
			outputFileListPaths = (
			);
			outputPaths = (
				"$(DERIVED_FILE_DIR)/Pods-TooHealthy-checkManifestLockResult.txt",
			);
			runOnlyForDeploymentPostprocessing = 0;
			shellPath = /bin/sh;
			shellScript = "diff \"${PODS_PODFILE_DIR_PATH}/Podfile.lock\" \"${PODS_ROOT}/Manifest.lock\" > /dev/null\nif [ $? != 0 ] ; then\n    # print error to STDERR\n    echo \"error: The sandbox is not in sync with the Podfile.lock. Run 'pod install' or update your CocoaPods installation.\" >&2\n    exit 1\nfi\n# This output is used by Xcode 'outputs' to avoid re-running this script phase.\necho \"SUCCESS\" > \"${SCRIPT_OUTPUT_FILE_0}\"\n";
			showEnvVarsInLog = 0;
		};
		924F701116C085E6C508C746 /* [CP] Embed Pods Frameworks */ = {
			isa = PBXShellScriptBuildPhase;
			buildActionMask = 2147483647;
			files = (
			);
			inputFileListPaths = (
				"${PODS_ROOT}/Target Support Files/Pods-TooHealthy/Pods-TooHealthy-frameworks-${CONFIGURATION}-input-files.xcfilelist",
			);
			name = "[CP] Embed Pods Frameworks";
			outputFileListPaths = (
				"${PODS_ROOT}/Target Support Files/Pods-TooHealthy/Pods-TooHealthy-frameworks-${CONFIGURATION}-output-files.xcfilelist",
			);
			runOnlyForDeploymentPostprocessing = 0;
			shellPath = /bin/sh;
			shellScript = "\"${PODS_ROOT}/Target Support Files/Pods-TooHealthy/Pods-TooHealthy-frameworks.sh\"\n";
			showEnvVarsInLog = 0;
		};
		A55B3DF1237F2F4900ED3850 /* R.swift */ = {
			isa = PBXShellScriptBuildPhase;
			buildActionMask = 2147483647;
			files = (
			);
			inputFileListPaths = (
			);
			inputPaths = (
				"$TEMP_DIR/rswift-lastrun",
			);
			name = R.swift;
			outputFileListPaths = (
			);
			outputPaths = (
				$SRCROOT/R.generated.swift,
			);
			runOnlyForDeploymentPostprocessing = 0;
			shellPath = /bin/sh;
			shellScript = "\"$PODS_ROOT/R.swift/rswift\" generate \"$SRCROOT/R.generated.swift\"\n";
		};
/* End PBXShellScriptBuildPhase section */

/* Begin PBXSourcesBuildPhase section */
		A57D0589237F20C200158DDD /* Sources */ = {
			isa = PBXSourcesBuildPhase;
			buildActionMask = 2147483647;
			files = (
				A57D0597237F20C200158DDD /* ProfileViewController.swift in Sources */,
				A57D0595237F20C200158DDD /* BarcodeController.swift in Sources */,
				A531CDBB238025D3009ED2CE /* MenuItemCell.swift in Sources */,
				A55B3DF3237F2FEE00ED3850 /* R.generated.swift in Sources */,
				A57D0591237F20C200158DDD /* AppDelegate.swift in Sources */,
				A55B3DF5237FE02600ED3850 /* NetworkService.swift in Sources */,
				A59920E1237FF319007E700F /* ProductStore.swift in Sources */,
				A55B3DF8237FE03700ED3850 /* App.swift in Sources */,
				A57D0593237F20C200158DDD /* SceneDelegate.swift in Sources */,
				A59920DF237FECFC007E700F /* LocationService.swift in Sources */,
				A59920DD237FE348007E700F /* InfoController.swift in Sources */,
			);
			runOnlyForDeploymentPostprocessing = 0;
		};
/* End PBXSourcesBuildPhase section */

/* Begin PBXVariantGroup section */
		A57D0598237F20C200158DDD /* Main.storyboard */ = {
			isa = PBXVariantGroup;
			children = (
				A57D0599237F20C200158DDD /* Base */,
			);
			name = Main.storyboard;
			sourceTree = "<group>";
		};
		A57D059D237F20C400158DDD /* LaunchScreen.storyboard */ = {
			isa = PBXVariantGroup;
			children = (
				A57D059E237F20C400158DDD /* Base */,
			);
			name = LaunchScreen.storyboard;
			sourceTree = "<group>";
		};
/* End PBXVariantGroup section */

/* Begin XCBuildConfiguration section */
		A57D05A1237F20C400158DDD /* Debug */ = {
			isa = XCBuildConfiguration;
			buildSettings = {
				ALWAYS_SEARCH_USER_PATHS = NO;
				CLANG_ANALYZER_NONNULL = YES;
				CLANG_ANALYZER_NUMBER_OBJECT_CONVERSION = YES_AGGRESSIVE;
				CLANG_CXX_LANGUAGE_STANDARD = "gnu++14";
				CLANG_CXX_LIBRARY = "libc++";
				CLANG_ENABLE_MODULES = YES;
				CLANG_ENABLE_OBJC_ARC = YES;
				CLANG_ENABLE_OBJC_WEAK = YES;
				CLANG_WARN_BLOCK_CAPTURE_AUTORELEASING = YES;
				CLANG_WARN_BOOL_CONVERSION = YES;
				CLANG_WARN_COMMA = YES;
				CLANG_WARN_CONSTANT_CONVERSION = YES;
				CLANG_WARN_DEPRECATED_OBJC_IMPLEMENTATIONS = YES;
				CLANG_WARN_DIRECT_OBJC_ISA_USAGE = YES_ERROR;
				CLANG_WARN_DOCUMENTATION_COMMENTS = YES;
				CLANG_WARN_EMPTY_BODY = YES;
				CLANG_WARN_ENUM_CONVERSION = YES;
				CLANG_WARN_INFINITE_RECURSION = YES;
				CLANG_WARN_INT_CONVERSION = YES;
				CLANG_WARN_NON_LITERAL_NULL_CONVERSION = YES;
				CLANG_WARN_OBJC_IMPLICIT_RETAIN_SELF = YES;
				CLANG_WARN_OBJC_LITERAL_CONVERSION = YES;
				CLANG_WARN_OBJC_ROOT_CLASS = YES_ERROR;
				CLANG_WARN_RANGE_LOOP_ANALYSIS = YES;
				CLANG_WARN_STRICT_PROTOTYPES = YES;
				CLANG_WARN_SUSPICIOUS_MOVE = YES;
				CLANG_WARN_UNGUARDED_AVAILABILITY = YES_AGGRESSIVE;
				CLANG_WARN_UNREACHABLE_CODE = YES;
				CLANG_WARN__DUPLICATE_METHOD_MATCH = YES;
				COPY_PHASE_STRIP = NO;
				DEBUG_INFORMATION_FORMAT = dwarf;
				ENABLE_STRICT_OBJC_MSGSEND = YES;
				ENABLE_TESTABILITY = YES;
				GCC_C_LANGUAGE_STANDARD = gnu11;
				GCC_DYNAMIC_NO_PIC = NO;
				GCC_NO_COMMON_BLOCKS = YES;
				GCC_OPTIMIZATION_LEVEL = 0;
				GCC_PREPROCESSOR_DEFINITIONS = (
					"DEBUG=1",
					"$(inherited)",
				);
				GCC_WARN_64_TO_32_BIT_CONVERSION = YES;
				GCC_WARN_ABOUT_RETURN_TYPE = YES_ERROR;
				GCC_WARN_UNDECLARED_SELECTOR = YES;
				GCC_WARN_UNINITIALIZED_AUTOS = YES_AGGRESSIVE;
				GCC_WARN_UNUSED_FUNCTION = YES;
				GCC_WARN_UNUSED_VARIABLE = YES;
				IPHONEOS_DEPLOYMENT_TARGET = 13.2;
				MTL_ENABLE_DEBUG_INFO = INCLUDE_SOURCE;
				MTL_FAST_MATH = YES;
				ONLY_ACTIVE_ARCH = YES;
				SDKROOT = iphoneos;
				SWIFT_ACTIVE_COMPILATION_CONDITIONS = DEBUG;
				SWIFT_OPTIMIZATION_LEVEL = "-Onone";
			};
			name = Debug;
		};
		A57D05A2237F20C400158DDD /* Release */ = {
			isa = XCBuildConfiguration;
			buildSettings = {
				ALWAYS_SEARCH_USER_PATHS = NO;
				CLANG_ANALYZER_NONNULL = YES;
				CLANG_ANALYZER_NUMBER_OBJECT_CONVERSION = YES_AGGRESSIVE;
				CLANG_CXX_LANGUAGE_STANDARD = "gnu++14";
				CLANG_CXX_LIBRARY = "libc++";
				CLANG_ENABLE_MODULES = YES;
				CLANG_ENABLE_OBJC_ARC = YES;
				CLANG_ENABLE_OBJC_WEAK = YES;
				CLANG_WARN_BLOCK_CAPTURE_AUTORELEASING = YES;
				CLANG_WARN_BOOL_CONVERSION = YES;
				CLANG_WARN_COMMA = YES;
				CLANG_WARN_CONSTANT_CONVERSION = YES;
				CLANG_WARN_DEPRECATED_OBJC_IMPLEMENTATIONS = YES;
				CLANG_WARN_DIRECT_OBJC_ISA_USAGE = YES_ERROR;
				CLANG_WARN_DOCUMENTATION_COMMENTS = YES;
				CLANG_WARN_EMPTY_BODY = YES;
				CLANG_WARN_ENUM_CONVERSION = YES;
				CLANG_WARN_INFINITE_RECURSION = YES;
				CLANG_WARN_INT_CONVERSION = YES;
				CLANG_WARN_NON_LITERAL_NULL_CONVERSION = YES;
				CLANG_WARN_OBJC_IMPLICIT_RETAIN_SELF = YES;
				CLANG_WARN_OBJC_LITERAL_CONVERSION = YES;
				CLANG_WARN_OBJC_ROOT_CLASS = YES_ERROR;
				CLANG_WARN_RANGE_LOOP_ANALYSIS = YES;
				CLANG_WARN_STRICT_PROTOTYPES = YES;
				CLANG_WARN_SUSPICIOUS_MOVE = YES;
				CLANG_WARN_UNGUARDED_AVAILABILITY = YES_AGGRESSIVE;
				CLANG_WARN_UNREACHABLE_CODE = YES;
				CLANG_WARN__DUPLICATE_METHOD_MATCH = YES;
				COPY_PHASE_STRIP = NO;
				DEBUG_INFORMATION_FORMAT = "dwarf-with-dsym";
				ENABLE_NS_ASSERTIONS = NO;
				ENABLE_STRICT_OBJC_MSGSEND = YES;
				GCC_C_LANGUAGE_STANDARD = gnu11;
				GCC_NO_COMMON_BLOCKS = YES;
				GCC_WARN_64_TO_32_BIT_CONVERSION = YES;
				GCC_WARN_ABOUT_RETURN_TYPE = YES_ERROR;
				GCC_WARN_UNDECLARED_SELECTOR = YES;
				GCC_WARN_UNINITIALIZED_AUTOS = YES_AGGRESSIVE;
				GCC_WARN_UNUSED_FUNCTION = YES;
				GCC_WARN_UNUSED_VARIABLE = YES;
				IPHONEOS_DEPLOYMENT_TARGET = 13.2;
				MTL_ENABLE_DEBUG_INFO = NO;
				MTL_FAST_MATH = YES;
				SDKROOT = iphoneos;
				SWIFT_COMPILATION_MODE = wholemodule;
				SWIFT_OPTIMIZATION_LEVEL = "-O";
				VALIDATE_PRODUCT = YES;
			};
			name = Release;
		};
		A57D05A4237F20C400158DDD /* Debug */ = {
			isa = XCBuildConfiguration;
			baseConfigurationReference = 801BEF59E234975443213214 /* Pods-TooHealthy.debug.xcconfig */;
			buildSettings = {
				ASSETCATALOG_COMPILER_APPICON_NAME = AppIcon;
				CODE_SIGN_STYLE = Automatic;
				DEVELOPMENT_TEAM = CT884K7983;
				INFOPLIST_FILE = "$(SRCROOT)/TooHealthy/Resources/Info.plist";
				IPHONEOS_DEPLOYMENT_TARGET = 13.0;
				LD_RUNPATH_SEARCH_PATHS = (
					"$(inherited)",
					"@executable_path/Frameworks",
				);
				PRODUCT_BUNDLE_IDENTIFIER = ru.bestK1ng.TooHealthy;
				PRODUCT_NAME = "$(TARGET_NAME)";
				SWIFT_VERSION = 5.0;
				TARGETED_DEVICE_FAMILY = "1,2";
			};
			name = Debug;
		};
		A57D05A5237F20C400158DDD /* Release */ = {
			isa = XCBuildConfiguration;
			baseConfigurationReference = F9A86DAE477587CA6C28541F /* Pods-TooHealthy.release.xcconfig */;
			buildSettings = {
				ASSETCATALOG_COMPILER_APPICON_NAME = AppIcon;
				CODE_SIGN_STYLE = Automatic;
				DEVELOPMENT_TEAM = CT884K7983;
				INFOPLIST_FILE = "$(SRCROOT)/TooHealthy/Resources/Info.plist";
				IPHONEOS_DEPLOYMENT_TARGET = 13.0;
				LD_RUNPATH_SEARCH_PATHS = (
					"$(inherited)",
					"@executable_path/Frameworks",
				);
				PRODUCT_BUNDLE_IDENTIFIER = ru.bestK1ng.TooHealthy;
				PRODUCT_NAME = "$(TARGET_NAME)";
				SWIFT_VERSION = 5.0;
				TARGETED_DEVICE_FAMILY = "1,2";
			};
			name = Release;
		};
/* End XCBuildConfiguration section */

/* Begin XCConfigurationList section */
		A57D0588237F20C200158DDD /* Build configuration list for PBXProject "TooHealthy" */ = {
			isa = XCConfigurationList;
			buildConfigurations = (
				A57D05A1237F20C400158DDD /* Debug */,
				A57D05A2237F20C400158DDD /* Release */,
			);
			defaultConfigurationIsVisible = 0;
			defaultConfigurationName = Release;
		};
		A57D05A3237F20C400158DDD /* Build configuration list for PBXNativeTarget "TooHealthy" */ = {
			isa = XCConfigurationList;
			buildConfigurations = (
				A57D05A4237F20C400158DDD /* Debug */,
				A57D05A5237F20C400158DDD /* Release */,
			);
			defaultConfigurationIsVisible = 0;
			defaultConfigurationName = Release;
		};
/* End XCConfigurationList section */
	};
	rootObject = A57D0585237F20C200158DDD /* Project object */;
}
